// !$*UTF8*$!
{
	archiveVersion = 1;
	classes = {
	};
	objectVersion = 46;
	objects = {

/* Begin PBXBuildFile section */
		63E62B5E1C6A5C850011BDE8 /* main.m in Sources */ = {isa = PBXBuildFile; fileRef = 63E62B5D1C6A5C850011BDE8 /* main.m */; };
		63E62B611C6A5C850011BDE8 /* AppDelegate.m in Sources */ = {isa = PBXBuildFile; fileRef = 63E62B601C6A5C850011BDE8 /* AppDelegate.m */; };
		63E62B641C6A5C850011BDE8 /* ViewController.m in Sources */ = {isa = PBXBuildFile; fileRef = 63E62B631C6A5C850011BDE8 /* ViewController.m */; };
		63E62B671C6A5C850011BDE8 /* Main.storyboard in Resources */ = {isa = PBXBuildFile; fileRef = 63E62B651C6A5C850011BDE8 /* Main.storyboard */; };
		63E62B691C6A5C850011BDE8 /* Assets.xcassets in Resources */ = {isa = PBXBuildFile; fileRef = 63E62B681C6A5C850011BDE8 /* Assets.xcassets */; };
		63E62B6C1C6A5C850011BDE8 /* LaunchScreen.storyboard in Resources */ = {isa = PBXBuildFile; fileRef = 63E62B6A1C6A5C850011BDE8 /* LaunchScreen.storyboard */; };
		63E62B771C6A5C850011BDE8 /* ShowVehicleTests.m in Sources */ = {isa = PBXBuildFile; fileRef = 63E62B761C6A5C850011BDE8 /* ShowVehicleTests.m */; };
		63E62B821C6A5C850011BDE8 /* ShowVehicleUITests.m in Sources */ = {isa = PBXBuildFile; fileRef = 63E62B811C6A5C850011BDE8 /* ShowVehicleUITests.m */; };
		63E62B951C6A5F570011BDE8 /* MotorVehicle.m in Sources */ = {isa = PBXBuildFile; fileRef = 63E62B901C6A5F570011BDE8 /* MotorVehicle.m */; };
		63E62B961C6A5F570011BDE8 /* MotorCycle.m in Sources */ = {isa = PBXBuildFile; fileRef = 63E62B911C6A5F570011BDE8 /* MotorCycle.m */; };
		63E62B971C6A5F570011BDE8 /* Truck.m in Sources */ = {isa = PBXBuildFile; fileRef = 63E62B921C6A5F570011BDE8 /* Truck.m */; };
		63E62B9A1C6A75D40011BDE8 /* Dtafalonso-Android-Lollipop-Downloads.ico in Resources */ = {isa = PBXBuildFile; fileRef = 63E62B991C6A75D40011BDE8 /* Dtafalonso-Android-Lollipop-Downloads.ico */; };
/* End PBXBuildFile section */

/* Begin PBXContainerItemProxy section */
		63E62B731C6A5C850011BDE8 /* PBXContainerItemProxy */ = {
			isa = PBXContainerItemProxy;
			containerPortal = 63E62B511C6A5C850011BDE8 /* Project object */;
			proxyType = 1;
			remoteGlobalIDString = 63E62B581C6A5C850011BDE8;
			remoteInfo = ShowVehicle;
		};
		63E62B7E1C6A5C850011BDE8 /* PBXContainerItemProxy */ = {
			isa = PBXContainerItemProxy;
			containerPortal = 63E62B511C6A5C850011BDE8 /* Project object */;
			proxyType = 1;
			remoteGlobalIDString = 63E62B581C6A5C850011BDE8;
			remoteInfo = ShowVehicle;
		};
/* End PBXContainerItemProxy section */

/* Begin PBXFileReference section */
		63E62B591C6A5C850011BDE8 /* ShowVehicle.app */ = {isa = PBXFileReference; explicitFileType = wrapper.application; includeInIndex = 0; path = ShowVehicle.app; sourceTree = BUILT_PRODUCTS_DIR; };
		63E62B5D1C6A5C850011BDE8 /* main.m */ = {isa = PBXFileReference; lastKnownFileType = sourcecode.c.objc; path = main.m; sourceTree = "<group>"; };
		63E62B5F1C6A5C850011BDE8 /* AppDelegate.h */ = {isa = PBXFileReference; lastKnownFileType = sourcecode.c.h; path = AppDelegate.h; sourceTree = "<group>"; };
		63E62B601C6A5C850011BDE8 /* AppDelegate.m */ = {isa = PBXFileReference; lastKnownFileType = sourcecode.c.objc; path = AppDelegate.m; sourceTree = "<group>"; };
		63E62B621C6A5C850011BDE8 /* ViewController.h */ = {isa = PBXFileReference; lastKnownFileType = sourcecode.c.h; path = ViewController.h; sourceTree = "<group>"; };
		63E62B631C6A5C850011BDE8 /* ViewController.m */ = {isa = PBXFileReference; lastKnownFileType = sourcecode.c.objc; path = ViewController.m; sourceTree = "<group>"; };
		63E62B661C6A5C850011BDE8 /* Base */ = {isa = PBXFileReference; lastKnownFileType = file.storyboard; name = Base; path = Base.lproj/Main.storyboard; sourceTree = "<group>"; };
		63E62B681C6A5C850011BDE8 /* Assets.xcassets */ = {isa = PBXFileReference; lastKnownFileType = folder.assetcatalog; path = Assets.xcassets; sourceTree = "<group>"; };
		63E62B6B1C6A5C850011BDE8 /* Base */ = {isa = PBXFileReference; lastKnownFileType = file.storyboard; name = Base; path = Base.lproj/LaunchScreen.storyboard; sourceTree = "<group>"; };
		63E62B6D1C6A5C850011BDE8 /* Info.plist */ = {isa = PBXFileReference; lastKnownFileType = text.plist.xml; path = Info.plist; sourceTree = "<group>"; };
		63E62B721C6A5C850011BDE8 /* ShowVehicleTests.xctest */ = {isa = PBXFileReference; explicitFileType = wrapper.cfbundle; includeInIndex = 0; path = ShowVehicleTests.xctest; sourceTree = BUILT_PRODUCTS_DIR; };
		63E62B761C6A5C850011BDE8 /* ShowVehicleTests.m */ = {isa = PBXFileReference; lastKnownFileType = sourcecode.c.objc; path = ShowVehicleTests.m; sourceTree = "<group>"; };
		63E62B781C6A5C850011BDE8 /* Info.plist */ = {isa = PBXFileReference; lastKnownFileType = text.plist.xml; path = Info.plist; sourceTree = "<group>"; };
		63E62B7D1C6A5C850011BDE8 /* ShowVehicleUITests.xctest */ = {isa = PBXFileReference; explicitFileType = wrapper.cfbundle; includeInIndex = 0; path = ShowVehicleUITests.xctest; sourceTree = BUILT_PRODUCTS_DIR; };
		63E62B811C6A5C850011BDE8 /* ShowVehicleUITests.m */ = {isa = PBXFileReference; lastKnownFileType = sourcecode.c.objc; path = ShowVehicleUITests.m; sourceTree = "<group>"; };
		63E62B831C6A5C850011BDE8 /* Info.plist */ = {isa = PBXFileReference; lastKnownFileType = text.plist.xml; path = Info.plist; sourceTree = "<group>"; };
		63E62B8F1C6A5F570011BDE8 /* MotorVehicle.h */ = {isa = PBXFileReference; fileEncoding = 4; lastKnownFileType = sourcecode.c.h; path = MotorVehicle.h; sourceTree = "<group>"; };
		63E62B901C6A5F570011BDE8 /* MotorVehicle.m */ = {isa = PBXFileReference; fileEncoding = 4; lastKnownFileType = sourcecode.c.objc; path = MotorVehicle.m; sourceTree = "<group>"; };
		63E62B911C6A5F570011BDE8 /* MotorCycle.m */ = {isa = PBXFileReference; fileEncoding = 4; lastKnownFileType = sourcecode.c.objc; path = MotorCycle.m; sourceTree = "<group>"; };
		63E62B921C6A5F570011BDE8 /* Truck.m */ = {isa = PBXFileReference; fileEncoding = 4; lastKnownFileType = sourcecode.c.objc; path = Truck.m; sourceTree = "<group>"; };
		63E62B931C6A5F570011BDE8 /* Truck.h */ = {isa = PBXFileReference; fileEncoding = 4; lastKnownFileType = sourcecode.c.h; path = Truck.h; sourceTree = "<group>"; };
		63E62B941C6A5F570011BDE8 /* MotorCycle.h */ = {isa = PBXFileReference; fileEncoding = 4; lastKnownFileType = sourcecode.c.h; path = MotorCycle.h; sourceTree = "<group>"; };
		63E62B991C6A75D40011BDE8 /* Dtafalonso-Android-Lollipop-Downloads.ico */ = {isa = PBXFileReference; lastKnownFileType = image.ico; path = "Dtafalonso-Android-Lollipop-Downloads.ico"; sourceTree = "<group>"; };
/* End PBXFileReference section */

/* Begin PBXFrameworksBuildPhase section */
		63E62B561C6A5C850011BDE8 /* Frameworks */ = {
			isa = PBXFrameworksBuildPhase;
			buildActionMask = 2147483647;
			files = (
			);
			runOnlyForDeploymentPostprocessing = 0;
		};
		63E62B6F1C6A5C850011BDE8 /* Frameworks */ = {
			isa = PBXFrameworksBuildPhase;
			buildActionMask = 2147483647;
			files = (
			);
			runOnlyForDeploymentPostprocessing = 0;
		};
		63E62B7A1C6A5C850011BDE8 /* Frameworks */ = {
			isa = PBXFrameworksBuildPhase;
			buildActionMask = 2147483647;
			files = (
			);
			runOnlyForDeploymentPostprocessing = 0;
		};
/* End PBXFrameworksBuildPhase section */

/* Begin PBXGroup section */
		63E62B501C6A5C850011BDE8 = {
			isa = PBXGroup;
			children = (
				63E62B5B1C6A5C850011BDE8 /* ShowVehicle */,
				63E62B751C6A5C850011BDE8 /* ShowVehicleTests */,
				63E62B801C6A5C850011BDE8 /* ShowVehicleUITests */,
				63E62B5A1C6A5C850011BDE8 /* Products */,
			);
			sourceTree = "<group>";
		};
		63E62B5A1C6A5C850011BDE8 /* Products */ = {
			isa = PBXGroup;
			children = (
				63E62B591C6A5C850011BDE8 /* ShowVehicle.app */,
				63E62B721C6A5C850011BDE8 /* ShowVehicleTests.xctest */,
				63E62B7D1C6A5C850011BDE8 /* ShowVehicleUITests.xctest */,
			);
			name = Products;
			sourceTree = "<group>";
		};
		63E62B5B1C6A5C850011BDE8 /* ShowVehicle */ = {
			isa = PBXGroup;
			children = (
				63E62B981C6A65A20011BDE8 /* Model */,
				63E62B5F1C6A5C850011BDE8 /* AppDelegate.h */,
				63E62B601C6A5C850011BDE8 /* AppDelegate.m */,
				63E62B621C6A5C850011BDE8 /* ViewController.h */,
				63E62B631C6A5C850011BDE8 /* ViewController.m */,
				63E62B651C6A5C850011BDE8 /* Main.storyboard */,
				63E62B991C6A75D40011BDE8 /* Dtafalonso-Android-Lollipop-Downloads.ico */,
				63E62B681C6A5C850011BDE8 /* Assets.xcassets */,
				63E62B6A1C6A5C850011BDE8 /* LaunchScreen.storyboard */,
				63E62B6D1C6A5C850011BDE8 /* Info.plist */,
				63E62B5C1C6A5C850011BDE8 /* Supporting Files */,
			);
			path = ShowVehicle;
			sourceTree = "<group>";
		};
		63E62B5C1C6A5C850011BDE8 /* Supporting Files */ = {
			isa = PBXGroup;
			children = (
				63E62B5D1C6A5C850011BDE8 /* main.m */,
			);
			name = "Supporting Files";
			sourceTree = "<group>";
		};
		63E62B751C6A5C850011BDE8 /* ShowVehicleTests */ = {
			isa = PBXGroup;
			children = (
				63E62B761C6A5C850011BDE8 /* ShowVehicleTests.m */,
				63E62B781C6A5C850011BDE8 /* Info.plist */,
			);
			path = ShowVehicleTests;
			sourceTree = "<group>";
		};
		63E62B801C6A5C850011BDE8 /* ShowVehicleUITests */ = {
			isa = PBXGroup;
			children = (
				63E62B811C6A5C850011BDE8 /* ShowVehicleUITests.m */,
				63E62B831C6A5C850011BDE8 /* Info.plist */,
			);
			path = ShowVehicleUITests;
			sourceTree = "<group>";
		};
		63E62B981C6A65A20011BDE8 /* Model */ = {
			isa = PBXGroup;
			children = (
				63E62B8F1C6A5F570011BDE8 /* MotorVehicle.h */,
				63E62B901C6A5F570011BDE8 /* MotorVehicle.m */,
				63E62B911C6A5F570011BDE8 /* MotorCycle.m */,
				63E62B921C6A5F570011BDE8 /* Truck.m */,
				63E62B931C6A5F570011BDE8 /* Truck.h */,
				63E62B941C6A5F570011BDE8 /* MotorCycle.h */,
			);
			name = Model;
			sourceTree = "<group>";
		};
/* End PBXGroup section */

/* Begin PBXNativeTarget section */
		63E62B581C6A5C850011BDE8 /* ShowVehicle */ = {
			isa = PBXNativeTarget;
			buildConfigurationList = 63E62B861C6A5C850011BDE8 /* Build configuration list for PBXNativeTarget "ShowVehicle" */;
			buildPhases = (
				63E62B551C6A5C850011BDE8 /* Sources */,
				63E62B561C6A5C850011BDE8 /* Frameworks */,
				63E62B571C6A5C850011BDE8 /* Resources */,
			);
			buildRules = (
			);
			dependencies = (
			);
			name = ShowVehicle;
			productName = ShowVehicle;
			productReference = 63E62B591C6A5C850011BDE8 /* ShowVehicle.app */;
			productType = "com.apple.product-type.application";
		};
		63E62B711C6A5C850011BDE8 /* ShowVehicleTests */ = {
			isa = PBXNativeTarget;
			buildConfigurationList = 63E62B891C6A5C850011BDE8 /* Build configuration list for PBXNativeTarget "ShowVehicleTests" */;
			buildPhases = (
				63E62B6E1C6A5C850011BDE8 /* Sources */,
				63E62B6F1C6A5C850011BDE8 /* Frameworks */,
				63E62B701C6A5C850011BDE8 /* Resources */,
			);
			buildRules = (
			);
			dependencies = (
				63E62B741C6A5C850011BDE8 /* PBXTargetDependency */,
			);
			name = ShowVehicleTests;
			productName = ShowVehicleTests;
			productReference = 63E62B721C6A5C850011BDE8 /* ShowVehicleTests.xctest */;
			productType = "com.apple.product-type.bundle.unit-test";
		};
		63E62B7C1C6A5C850011BDE8 /* ShowVehicleUITests */ = {
			isa = PBXNativeTarget;
			buildConfigurationList = 63E62B8C1C6A5C850011BDE8 /* Build configuration list for PBXNativeTarget "ShowVehicleUITests" */;
			buildPhases = (
				63E62B791C6A5C850011BDE8 /* Sources */,
				63E62B7A1C6A5C850011BDE8 /* Frameworks */,
				63E62B7B1C6A5C850011BDE8 /* Resources */,
			);
			buildRules = (
			);
			dependencies = (
				63E62B7F1C6A5C850011BDE8 /* PBXTargetDependency */,
			);
			name = ShowVehicleUITests;
			productName = ShowVehicleUITests;
			productReference = 63E62B7D1C6A5C850011BDE8 /* ShowVehicleUITests.xctest */;
			productType = "com.apple.product-type.bundle.ui-testing";
		};
/* End PBXNativeTarget section */

/* Begin PBXProject section */
		63E62B511C6A5C850011BDE8 /* Project object */ = {
			isa = PBXProject;
			attributes = {
				LastUpgradeCheck = 0720;
				ORGANIZATIONNAME = AACC;
				TargetAttributes = {
					63E62B581C6A5C850011BDE8 = {
						CreatedOnToolsVersion = 7.2.1;
						DevelopmentTeam = UJ6465YHSE;
					};
					63E62B711C6A5C850011BDE8 = {
						CreatedOnToolsVersion = 7.2.1;
						DevelopmentTeam = UJ6465YHSE;
						TestTargetID = 63E62B581C6A5C850011BDE8;
					};
					63E62B7C1C6A5C850011BDE8 = {
						CreatedOnToolsVersion = 7.2.1;
						DevelopmentTeam = UJ6465YHSE;
						TestTargetID = 63E62B581C6A5C850011BDE8;
					};
				};
			};
			buildConfigurationList = 63E62B541C6A5C850011BDE8 /* Build configuration list for PBXProject "ShowVehicle" */;
			compatibilityVersion = "Xcode 3.2";
			developmentRegion = English;
			hasScannedForEncodings = 0;
			knownRegions = (
				en,
				Base,
			);
			mainGroup = 63E62B501C6A5C850011BDE8;
			productRefGroup = 63E62B5A1C6A5C850011BDE8 /* Products */;
			projectDirPath = "";
			projectRoot = "";
			targets = (
				63E62B581C6A5C850011BDE8 /* ShowVehicle */,
				63E62B711C6A5C850011BDE8 /* ShowVehicleTests */,
				63E62B7C1C6A5C850011BDE8 /* ShowVehicleUITests */,
			);
		};
/* End PBXProject section */

/* Begin PBXResourcesBuildPhase section */
		63E62B571C6A5C850011BDE8 /* Resources */ = {
			isa = PBXResourcesBuildPhase;
			buildActionMask = 2147483647;
			files = (
				63E62B6C1C6A5C850011BDE8 /* LaunchScreen.storyboard in Resources */,
				63E62B691C6A5C850011BDE8 /* Assets.xcassets in Resources */,
				63E62B671C6A5C850011BDE8 /* Main.storyboard in Resources */,
				63E62B9A1C6A75D40011BDE8 /* Dtafalonso-Android-Lollipop-Downloads.ico in Resources */,
			);
			runOnlyForDeploymentPostprocessing = 0;
		};
		63E62B701C6A5C850011BDE8 /* Resources */ = {
			isa = PBXResourcesBuildPhase;
			buildActionMask = 2147483647;
			files = (
			);
			runOnlyForDeploymentPostprocessing = 0;
		};
		63E62B7B1C6A5C850011BDE8 /* Resources */ = {
			isa = PBXResourcesBuildPhase;
			buildActionMask = 2147483647;
			files = (
			);
			runOnlyForDeploymentPostprocessing = 0;
		};
/* End PBXResourcesBuildPhase section */

/* Begin PBXSourcesBuildPhase section */
		63E62B551C6A5C850011BDE8 /* Sources */ = {
			isa = PBXSourcesBuildPhase;
			buildActionMask = 2147483647;
			files = (
				63E62B961C6A5F570011BDE8 /* MotorCycle.m in Sources */,
				63E62B641C6A5C850011BDE8 /* ViewController.m in Sources */,
				63E62B611C6A5C850011BDE8 /* AppDelegate.m in Sources */,
				63E62B971C6A5F570011BDE8 /* Truck.m in Sources */,
				63E62B951C6A5F570011BDE8 /* MotorVehicle.m in Sources */,
				63E62B5E1C6A5C850011BDE8 /* main.m in Sources */,
			);
			runOnlyForDeploymentPostprocessing = 0;
		};
		63E62B6E1C6A5C850011BDE8 /* Sources */ = {
			isa = PBXSourcesBuildPhase;
			buildActionMask = 2147483647;
			files = (
				63E62B771C6A5C850011BDE8 /* ShowVehicleTests.m in Sources */,
			);
			runOnlyForDeploymentPostprocessing = 0;
		};
		63E62B791C6A5C850011BDE8 /* Sources */ = {
			isa = PBXSourcesBuildPhase;
			buildActionMask = 2147483647;
			files = (
				63E62B821C6A5C850011BDE8 /* ShowVehicleUITests.m in Sources */,
			);
			runOnlyForDeploymentPostprocessing = 0;
		};
/* End PBXSourcesBuildPhase section */

/* Begin PBXTargetDependency section */
		63E62B741C6A5C850011BDE8 /* PBXTargetDependency */ = {
			isa = PBXTargetDependency;
			target = 63E62B581C6A5C850011BDE8 /* ShowVehicle */;
			targetProxy = 63E62B731C6A5C850011BDE8 /* PBXContainerItemProxy */;
		};
		63E62B7F1C6A5C850011BDE8 /* PBXTargetDependency */ = {
			isa = PBXTargetDependency;
			target = 63E62B581C6A5C850011BDE8 /* ShowVehicle */;
			targetProxy = 63E62B7E1C6A5C850011BDE8 /* PBXContainerItemProxy */;
		};
/* End PBXTargetDependency section */

/* Begin PBXVariantGroup section */
		63E62B651C6A5C850011BDE8 /* Main.storyboard */ = {
			isa = PBXVariantGroup;
			children = (
				63E62B661C6A5C850011BDE8 /* Base */,
			);
			name = Main.storyboard;
			sourceTree = "<group>";
		};
		63E62B6A1C6A5C850011BDE8 /* LaunchScreen.storyboard */ = {
			isa = PBXVariantGroup;
			children = (
				63E62B6B1C6A5C850011BDE8 /* Base */,
			);
			name = LaunchScreen.storyboard;
			sourceTree = "<group>";
		};
/* End PBXVariantGroup section */

/* Begin XCBuildConfiguration section */
		63E62B841C6A5C850011BDE8 /* Debug */ = {
			isa = XCBuildConfiguration;
			buildSettings = {
				ALWAYS_SEARCH_USER_PATHS = NO;
				CLANG_CXX_LANGUAGE_STANDARD = "gnu++0x";
				CLANG_CXX_LIBRARY = "libc++";
				CLANG_ENABLE_MODULES = YES;
				CLANG_ENABLE_OBJC_ARC = YES;
				CLANG_WARN_BOOL_CONVERSION = YES;
				CLANG_WARN_CONSTANT_CONVERSION = YES;
				CLANG_WARN_DIRECT_OBJC_ISA_USAGE = YES_ERROR;
				CLANG_WARN_EMPTY_BODY = YES;
				CLANG_WARN_ENUM_CONVERSION = YES;
				CLANG_WARN_INT_CONVERSION = YES;
				CLANG_WARN_OBJC_ROOT_CLASS = YES_ERROR;
				CLANG_WARN_UNREACHABLE_CODE = YES;
				CLANG_WARN__DUPLICATE_METHOD_MATCH = YES;
				"CODE_SIGN_IDENTITY[sdk=iphoneos*]" = "iPhone Developer";
				COPY_PHASE_STRIP = NO;
				DEBUG_INFORMATION_FORMAT = dwarf;
				ENABLE_STRICT_OBJC_MSGSEND = YES;
				ENABLE_TESTABILITY = YES;
				GCC_C_LANGUAGE_STANDARD = gnu99;
				GCC_DYNAMIC_NO_PIC = NO;
				GCC_NO_COMMON_BLOCKS = YES;
				GCC_OPTIMIZATION_LEVEL = 0;
				GCC_PREPROCESSOR_DEFINITIONS = (
					"DEBUG=1",
					"$(inherited)",
				);
				GCC_WARN_64_TO_32_BIT_CONVERSION = YES;
				GCC_WARN_ABOUT_RETURN_TYPE = YES_ERROR;
				GCC_WARN_UNDECLARED_SELECTOR = YES;
				GCC_WARN_UNINITIALIZED_AUTOS = YES_AGGRESSIVE;
				GCC_WARN_UNUSED_FUNCTION = YES;
				GCC_WARN_UNUSED_VARIABLE = YES;
				IPHONEOS_DEPLOYMENT_TARGET = 9.2;
				MTL_ENABLE_DEBUG_INFO = YES;
				ONLY_ACTIVE_ARCH = YES;
				SDKROOT = iphoneos;
				TARGETED_DEVICE_FAMILY = "1,2";
			};
			name = Debug;
		};
		63E62B851C6A5C850011BDE8 /* Release */ = {
			isa = XCBuildConfiguration;
			buildSettings = {
				ALWAYS_SEARCH_USER_PATHS = NO;
				CLANG_CXX_LANGUAGE_STANDARD = "gnu++0x";
				CLANG_CXX_LIBRARY = "libc++";
				CLANG_ENABLE_MODULES = YES;
				CLANG_ENABLE_OBJC_ARC = YES;
				CLANG_WARN_BOOL_CONVERSION = YES;
				CLANG_WARN_CONSTANT_CONVERSION = YES;
				CLANG_WARN_DIRECT_OBJC_ISA_USAGE = YES_ERROR;
				CLANG_WARN_EMPTY_BODY = YES;
				CLANG_WARN_ENUM_CONVERSION = YES;
				CLANG_WARN_INT_CONVERSION = YES;
				CLANG_WARN_OBJC_ROOT_CLASS = YES_ERROR;
				CLANG_WARN_UNREACHABLE_CODE = YES;
				CLANG_WARN__DUPLICATE_METHOD_MATCH = YES;
				"CODE_SIGN_IDENTITY[sdk=iphoneos*]" = "iPhone Developer";
				COPY_PHASE_STRIP = NO;
				DEBUG_INFORMATION_FORMAT = "dwarf-with-dsym";
				ENABLE_NS_ASSERTIONS = NO;
				ENABLE_STRICT_OBJC_MSGSEND = YES;
				GCC_C_LANGUAGE_STANDARD = gnu99;
				GCC_NO_COMMON_BLOCKS = YES;
				GCC_WARN_64_TO_32_BIT_CONVERSION = YES;
				GCC_WARN_ABOUT_RETURN_TYPE = YES_ERROR;
				GCC_WARN_UNDECLARED_SELECTOR = YES;
				GCC_WARN_UNINITIALIZED_AUTOS = YES_AGGRESSIVE;
				GCC_WARN_UNUSED_FUNCTION = YES;
				GCC_WARN_UNUSED_VARIABLE = YES;
				IPHONEOS_DEPLOYMENT_TARGET = 9.2;
				MTL_ENABLE_DEBUG_INFO = NO;
				SDKROOT = iphoneos;
				TARGETED_DEVICE_FAMILY = "1,2";
				VALIDATE_PRODUCT = YES;
			};
			name = Release;
		};
		63E62B871C6A5C850011BDE8 /* Debug */ = {
			isa = XCBuildConfiguration;
			buildSettings = {
				ASSETCATALOG_COMPILER_APPICON_NAME = AppIcon;
				INFOPLIST_FILE = ShowVehicle/Info.plist;
				LD_RUNPATH_SEARCH_PATHS = "$(inherited) @executable_path/Frameworks";
				PRODUCT_BUNDLE_IDENTIFIER = edu.aacc.ShowVehicle;
				PRODUCT_NAME = "$(TARGET_NAME)";
			};
			name = Debug;
		};
		63E62B881C6A5C850011BDE8 /* Release */ = {
			isa = XCBuildConfiguration;
			buildSettings = {
				ASSETCATALOG_COMPILER_APPICON_NAME = AppIcon;
				INFOPLIST_FILE = ShowVehicle/Info.plist;
				LD_RUNPATH_SEARCH_PATHS = "$(inherited) @executable_path/Frameworks";
				PRODUCT_BUNDLE_IDENTIFIER = edu.aacc.ShowVehicle;
				PRODUCT_NAME = "$(TARGET_NAME)";
			};
			name = Release;
		};
		63E62B8A1C6A5C850011BDE8 /* Debug */ = {
			isa = XCBuildConfiguration;
			buildSettings = {
				BUNDLE_LOADER = "$(TEST_HOST)";
				INFOPLIST_FILE = ShowVehicleTests/Info.plist;
				LD_RUNPATH_SEARCH_PATHS = "$(inherited) @executable_path/Frameworks @loader_path/Frameworks";
				PRODUCT_BUNDLE_IDENTIFIER = edu.aacc.ShowVehicleTests;
				PRODUCT_NAME = "$(TARGET_NAME)";
				TEST_HOST = "$(BUILT_PRODUCTS_DIR)/ShowVehicle.app/ShowVehicle";
			};
			name = Debug;
		};
		63E62B8B1C6A5C850011BDE8 /* Release */ = {
			isa = XCBuildConfiguration;
			buildSettings = {
				BUNDLE_LOADER = "$(TEST_HOST)";
				INFOPLIST_FILE = ShowVehicleTests/Info.plist;
				LD_RUNPATH_SEARCH_PATHS = "$(inherited) @executable_path/Frameworks @loader_path/Frameworks";
				PRODUCT_BUNDLE_IDENTIFIER = edu.aacc.ShowVehicleTests;
				PRODUCT_NAME = "$(TARGET_NAME)";
				TEST_HOST = "$(BUILT_PRODUCTS_DIR)/ShowVehicle.app/ShowVehicle";
			};
			name = Release;
		};
		63E62B8D1C6A5C850011BDE8 /* Debug */ = {
			isa = XCBuildConfiguration;
			buildSettings = {
				INFOPLIST_FILE = ShowVehicleUITests/Info.plist;
				LD_RUNPATH_SEARCH_PATHS = "$(inherited) @executable_path/Frameworks @loader_path/Frameworks";
				PRODUCT_BUNDLE_IDENTIFIER = edu.aacc.ShowVehicleUITests;
				PRODUCT_NAME = "$(TARGET_NAME)";
				TEST_TARGET_NAME = ShowVehicle;
				USES_XCTRUNNER = YES;
			};
			name = Debug;
		};
		63E62B8E1C6A5C850011BDE8 /* Release */ = {
			isa = XCBuildConfiguration;
			buildSettings = {
				INFOPLIST_FILE = ShowVehicleUITests/Info.plist;
				LD_RUNPATH_SEARCH_PATHS = "$(inherited) @executable_path/Frameworks @loader_path/Frameworks";
				PRODUCT_BUNDLE_IDENTIFIER = edu.aacc.ShowVehicleUITests;
				PRODUCT_NAME = "$(TARGET_NAME)";
				TEST_TARGET_NAME = ShowVehicle;
				USES_XCTRUNNER = YES;
			};
			name = Release;
		};
/* End XCBuildConfiguration section */

/* Begin XCConfigurationList section */
		63E62B541C6A5C850011BDE8 /* Build configuration list for PBXProject "ShowVehicle" */ = {
			isa = XCConfigurationList;
			buildConfigurations = (
				63E62B841C6A5C850011BDE8 /* Debug */,
				63E62B851C6A5C850011BDE8 /* Release */,
			);
			defaultConfigurationIsVisible = 0;
			defaultConfigurationName = Release;
		};
		63E62B861C6A5C850011BDE8 /* Build configuration list for PBXNativeTarget "ShowVehicle" */ = {
			isa = XCConfigurationList;
			buildConfigurations = (
				63E62B871C6A5C850011BDE8 /* Debug */,
				63E62B881C6A5C850011BDE8 /* Release */,
			);
			defaultConfigurationIsVisible = 0;
		};
		63E62B891C6A5C850011BDE8 /* Build configuration list for PBXNativeTarget "ShowVehicleTests" */ = {
			isa = XCConfigurationList;
			buildConfigurations = (
				63E62B8A1C6A5C850011BDE8 /* Debug */,
				63E62B8B1C6A5C850011BDE8 /* Release */,
			);
			defaultConfigurationIsVisible = 0;
		};
		63E62B8C1C6A5C850011BDE8 /* Build configuration list for PBXNativeTarget "ShowVehicleUITests" */ = {
			isa = XCConfigurationList;
			buildConfigurations = (
				63E62B8D1C6A5C850011BDE8 /* Debug */,
				63E62B8E1C6A5C850011BDE8 /* Release */,
			);
			defaultConfigurationIsVisible = 0;
		};
/* End XCConfigurationList section */
	};
	rootObject = 63E62B511C6A5C850011BDE8 /* Project object */;
}
